
Microsoft Visual Studio Solution File, Format Version 12.00
# Visual Studio Version 16
VisualStudioVersion = 16.0.29613.14
MinimumVisualStudioVersion = 10.0.40219.1
Project("{FAE04EC0-301F-11D3-BF4B-00C04F79EFBC}") = "HyperCargoProject", "HyperCargoProject\HyperCargoProject.csproj", "{C426A177-2E78-4E0C-A65D-22E55BB49F8C}"
EndProject
Global
	GlobalSection(SolutionConfigurationPlatforms) = preSolution
		Debug|Any CPU = Debug|Any CPU
		Release|Any CPU = Release|Any CPU
	EndGlobalSection
	GlobalSection(ProjectConfigurationPlatforms) = postSolution
		{C426A177-2E78-4E0C-A65D-22E55BB49F8C}.Debug|Any CPU.ActiveCfg = Debug|Any CPU
		{C426A177-2E78-4E0C-A65D-22E55BB49F8C}.Debug|Any CPU.Build.0 = Debug|Any CPU
		{C426A177-2E78-4E0C-A65D-22E55BB49F8C}.Release|Any CPU.ActiveCfg = Release|Any CPU
		{C426A177-2E78-4E0C-A65D-22E55BB49F8C}.Release|Any CPU.Build.0 = Release|Any CPU
	EndGlobalSection
	GlobalSection(SolutionProperties) = preSolution
		HideSolutionNode = FALSE
	EndGlobalSection
	GlobalSection(ExtensibilityGlobals) = postSolution
		SolutionGuid = {655C7F38-21BB-4ADD-87EA-D53177955B54}
	EndGlobalSection
EndGlobal
